
Microsoft Visual Studio Solution File, Format Version 12.00
Project("{FAE04EC0-301F-11D3-BF4B-00C04F79EFBC}") = "ITU-BDSA23-GROUP27.Chirp.CLI", "ITU-BDSA23-GROUP27.Chirp.CLI\ITU-BDSA23-GROUP27.Chirp.CLI.csproj", "{35D50235-693B-4A25-9AB5-B991A89F8F2F}"
EndProject
Global
	GlobalSection(SolutionConfigurationPlatforms) = preSolution
		Debug|Any CPU = Debug|Any CPU
		Release|Any CPU = Release|Any CPU
	EndGlobalSection
	GlobalSection(ProjectConfigurationPlatforms) = postSolution
		{35D50235-693B-4A25-9AB5-B991A89F8F2F}.Debug|Any CPU.ActiveCfg = Debug|Any CPU
		{35D50235-693B-4A25-9AB5-B991A89F8F2F}.Debug|Any CPU.Build.0 = Debug|Any CPU
		{35D50235-693B-4A25-9AB5-B991A89F8F2F}.Release|Any CPU.ActiveCfg = Release|Any CPU
		{35D50235-693B-4A25-9AB5-B991A89F8F2F}.Release|Any CPU.Build.0 = Release|Any CPU
	EndGlobalSection
EndGlobal
